<?xml version="1.0" encoding="utf-8"?>
<Project ToolsVersion="4.0" xmlns="http://schemas.microsoft.com/developer/msbuild/2003">
  <ItemGroup>
    <Filter Include="ソース ファイル">
      <UniqueIdentifier>{4FC737F1-C7A5-4376-A066-2A32D752A2FF}</UniqueIdentifier>
      <Extensions>cpp;c;cc;cxx;def;odl;idl;hpj;bat;asm;asmx</Extensions>
    </Filter>
    <Filter Include="ヘッダー ファイル">
      <UniqueIdentifier>{93995380-89BD-4b04-88EB-625FBE52EBFB}</UniqueIdentifier>
      <Extensions>h;hh;hpp;hxx;hm;inl;inc;xsd</Extensions>
    </Filter>
    <Filter Include="リソース ファイル">
      <UniqueIdentifier>{67DA6AB6-F800-4c08-8B7A-83BB121AAD01}</UniqueIdentifier>
      <Extensions>rc;ico;cur;bmp;dlg;rc2;rct;bin;rgs;gif;jpg;jpeg;jpe;resx;tiff;tif;png;wav;mfcribbon-ms</Extensions>
    </Filter>
    <Filter Include="ソース ファイル\felicalib">
      <UniqueIdentifier>{7ac78251-8a0d-411c-9f6e-416787ebc35b}</UniqueIdentifier>
    </Filter>
    <Filter Include="ヘッダー ファイル\felicalib">
      <UniqueIdentifier>{033f5cbf-dd95-4d58-8ff8-f5ed5c670378}</UniqueIdentifier>
    </Filter>
    <Filter Include="ソース ファイル\felicalib_wrapper">
      <UniqueIdentifier>{3fc7b026-7f6e-4f8e-b1b1-44a2876f37ba}</UniqueIdentifier>
    </Filter>
    <Filter Include="ヘッダー ファイル\felicalib_wrapper">
      <UniqueIdentifier>{be37b17d-f4e2-4d1a-a2b2-5cdba613df42}</UniqueIdentifier>
    </Filter>
    <Filter Include="ソース ファイル\class">
      <UniqueIdentifier>{fccc0a8a-8790-4f56-9ffc-48e7946c53b3}</UniqueIdentifier>
    </Filter>
    <Filter Include="ソース ファイル\class\draw">
      <UniqueIdentifier>{91574e2e-f15f-4e91-a47f-ec8533a44b51}</UniqueIdentifier>
    </Filter>
    <Filter Include="ヘッダー ファイル\class">
      <UniqueIdentifier>{5db65b46-c43f-4c22-8f5f-db9c448b3cbd}</UniqueIdentifier>
    </Filter>
    <Filter Include="ヘッダー ファイル\class\draw">
      <UniqueIdentifier>{589897c7-0327-496d-b059-f7b3dabd6a65}</UniqueIdentifier>
    </Filter>
  </ItemGroup>
  <ItemGroup>
    <ClCompile Include="felicalib\felicalib.c">
      <Filter>ソース ファイル\felicalib</Filter>
    </ClCompile>
    <ClCompile Include="felicalib_wrapper\felicalib_sidacs_wrapper.cpp">
      <Filter>ソース ファイル\felicalib_wrapper</Filter>
    </ClCompile>
    <ClCompile Include="main.cpp">
      <Filter>ソース ファイル</Filter>
    </ClCompile>
    <ClCompile Include="class\draw\chart_wrapper.cpp">
      <Filter>ソース ファイル\class\draw</Filter>
    </ClCompile>
  </ItemGroup>
  <ItemGroup>
    <ClInclude Include="felicalib\felicalib.h">
      <Filter>ヘッダー ファイル\felicalib</Filter>
    </ClInclude>
    <ClInclude Include="felicalib\felicaint.h">
      <Filter>ヘッダー ファイル\felicalib</Filter>
    </ClInclude>
    <ClInclude Include="felicalib_wrapper\felicalib_sidacs_wrapper.hpp">
      <Filter>ヘッダー ファイル\felicalib_wrapper</Filter>
    </ClInclude>
    <ClInclude Include="class\draw\chart_wrapper.hpp">
      <Filter>ヘッダー ファイル\class\draw</Filter>
    </ClInclude>
  </ItemGroup>
</Project>